
Microsoft Visual Studio Solution File, Format Version 11.00
# Visual Studio 2010
Project("{FAE04EC0-301F-11D3-BF4B-00C04F79EFBC}") = "Assembly-CSharp", "Assembly-CSharp.csproj", "{2970DDB7-A92A-75DE-32D8-489372024ABE}"
EndProject
Global
	GlobalSection(SolutionConfigurationPlatforms) = preSolution
		Debug|Any CPU = Debug|Any CPU
		Release|Any CPU = Release|Any CPU
	EndGlobalSection
	GlobalSection(ProjectConfigurationPlatforms) = postSolution
		{2970DDB7-A92A-75DE-32D8-489372024ABE}.Debug|Any CPU.ActiveCfg = Debug|Any CPU
		{2970DDB7-A92A-75DE-32D8-489372024ABE}.Debug|Any CPU.Build.0 = Debug|Any CPU
		{2970DDB7-A92A-75DE-32D8-489372024ABE}.Release|Any CPU.ActiveCfg = Release|Any CPU
		{2970DDB7-A92A-75DE-32D8-489372024ABE}.Release|Any CPU.Build.0 = Release|Any CPU
	EndGlobalSection
	GlobalSection(SolutionProperties) = preSolution
		HideSolutionNode = FALSE
	EndGlobalSection
	GlobalSection(MonoDevelopProperties) = preSolution
		StartupItem = Assembly-CSharp.csproj
	EndGlobalSection
EndGlobal
